{
  "lockfileVersion": 1,
  "configVersion": 1,
  "workspaces": {
    "": {
      "name": "ok.lol",
      "devDependencies": {
        "@types/bun": "^1.3.9",
      },
    },
    "packages/astral": {
      "name": "@ok.lol/astral",
    },
    "packages/capability": {
      "name": "@ok.lol/capability",
      "dependencies": {
        "@ok.lol/jsonschema": "workspace:*",
        "zod": "catalog:",
      },
    },
    "packages/jsonschema": {
      "name": "@ok.lol/jsonschema",
    },
    "packages/origin": {
      "name": "@ok.lol/origin",
      "dependencies": {
        "@ok.lol/capability": "workspace:*",
        "@ok.lol/jsonschema": "workspace:*",
        "ai": "catalog:",
        "zod": "catalog:",
      },
    },
    "packages/principal": {
      "name": "@ok.lol/principal",
      "dependencies": {
        "@ok.lol/capability": "workspace:*",
        "@ok.lol/jsonschema": "workspace:*",
        "ai": "catalog:",
        "zod": "catalog:",
      },
    },
    "packages/skill": {
      "name": "@ok.lol/skill",
      "dependencies": {
        "zod": "catalog:",
      },
    },
    "packages/worker": {
      "name": "@ok.lol/worker",
      "dependencies": {
        "@ok.lol/capability": "workspace:*",
        "@ok.lol/jsonschema": "workspace:*",
        "zod": "catalog:",
      },
    },
  },
  "catalog": {
    "ai": "^6.0.85",
    "zod": "^4.3.6",
  },
  "packages": {
    "@ai-sdk/gateway": ["@ai-sdk/gateway@3.0.45", "", { "dependencies": { "@ai-sdk/provider": "3.0.8", "@ai-sdk/provider-utils": "4.0.15", "@vercel/oidc": "3.1.0" }, "peerDependencies": { "zod": "^3.25.76 || ^4.1.8" } }, "sha512-ZB6kHV+D8mLCRnkpWotLCV/rZK4NiODxx4Kv7JdT9QmQknbG/scbE4iyoT4JLFdULA8Y/IVbMvyE0Nwq3Dceqw=="],

    "@ai-sdk/provider": ["@ai-sdk/provider@3.0.8", "", { "dependencies": { "json-schema": "^0.4.0" } }, "sha512-oGMAgGoQdBXbZqNG0Ze56CHjDZ1IDYOwGYxYjO5KLSlz5HiNQ9udIXsPZ61VWaHGZ5XW/jyjmr6t2xz2jGVwbQ=="],

    "@ai-sdk/provider-utils": ["@ai-sdk/provider-utils@4.0.15", "", { "dependencies": { "@ai-sdk/provider": "3.0.8", "@standard-schema/spec": "^1.1.0", "eventsource-parser": "^3.0.6" }, "peerDependencies": { "zod": "^3.25.76 || ^4.1.8" } }, "sha512-8XiKWbemmCbvNN0CLR9u3PQiet4gtEVIrX4zzLxnCj06AwsEDJwJVBbKrEI4t6qE8XRSIvU2irka0dcpziKW6w=="],

    "@ok.lol/astral": ["@ok.lol/astral@workspace:packages/astral"],

    "@ok.lol/capability": ["@ok.lol/capability@workspace:packages/capability"],

    "@ok.lol/jsonschema": ["@ok.lol/jsonschema@workspace:packages/jsonschema"],

    "@ok.lol/origin": ["@ok.lol/origin@workspace:packages/origin"],

    "@ok.lol/principal": ["@ok.lol/principal@workspace:packages/principal"],

    "@ok.lol/skill": ["@ok.lol/skill@workspace:packages/skill"],

    "@ok.lol/worker": ["@ok.lol/worker@workspace:packages/worker"],

    "@opentelemetry/api": ["@opentelemetry/api@1.9.0", "", {}, "sha512-3giAOQvZiH5F9bMlMiv8+GSPMeqg0dbaeo58/0SlA9sxSqZhnUtxzX9/2FzyhS9sWQf5S0GJE0AKBrFqjpeYcg=="],

    "@standard-schema/spec": ["@standard-schema/spec@1.1.0", "", {}, "sha512-l2aFy5jALhniG5HgqrD6jXLi/rUWrKvqN/qJx6yoJsgKhblVd+iqqU4RCXavm/jPityDo5TCvKMnpjKnOriy0w=="],

    "@types/bun": ["@types/bun@1.3.9", "", { "dependencies": { "bun-types": "1.3.9" } }, "sha512-KQ571yULOdWJiMH+RIWIOZ7B2RXQGpL1YQrBtLIV3FqDcCu6FsbFUBwhdKUlCKUpS3PJDsHlJ1QKlpxoVR+xtw=="],

    "@types/node": ["@types/node@20.19.33", "", { "dependencies": { "undici-types": "~6.21.0" } }, "sha512-Rs1bVAIdBs5gbTIKza/tgpMuG1k3U/UMJLWecIMxNdJFDMzcM5LOiLVRYh3PilWEYDIeUDv7bpiHPLPsbydGcw=="],

    "@vercel/oidc": ["@vercel/oidc@3.1.0", "", {}, "sha512-Fw28YZpRnA3cAHHDlkt7xQHiJ0fcL+NRcIqsocZQUSmbzeIKRpwttJjik5ZGanXP+vlA4SbTg+AbA3bP363l+w=="],

    "ai": ["ai@6.0.85", "", { "dependencies": { "@ai-sdk/gateway": "3.0.45", "@ai-sdk/provider": "3.0.8", "@ai-sdk/provider-utils": "4.0.15", "@opentelemetry/api": "1.9.0" }, "peerDependencies": { "zod": "^3.25.76 || ^4.1.8" } }, "sha512-2bP7M+OcNQGSIH8I3jdujUadxj4tAwuHBvLhpmDSlcjRXXry3zNGEajjjRraOjObHMO/Yqa37PJWhPVHIHt2TQ=="],

    "bun-types": ["bun-types@1.3.9", "", { "dependencies": { "@types/node": "*" } }, "sha512-+UBWWOakIP4Tswh0Bt0QD0alpTY8cb5hvgiYeWCMet9YukHbzuruIEeXC2D7nMJPB12kbh8C7XJykSexEqGKJg=="],

    "eventsource-parser": ["eventsource-parser@3.0.6", "", {}, "sha512-Vo1ab+QXPzZ4tCa8SwIHJFaSzy4R6SHf7BY79rFBDf0idraZWAkYrDjDj8uWaSm3S2TK+hJ7/t1CEmZ7jXw+pg=="],

    "json-schema": ["json-schema@0.4.0", "", {}, "sha512-es94M3nTIfsEPisRafak+HDLfHXnKBhV3vU5eqPcS3flIWqcxJWgXHXiey3YrpaNsanY5ei1VoYEbOzijuq9BA=="],

    "undici-types": ["undici-types@6.21.0", "", {}, "sha512-iwDZqg0QAGrg9Rav5H4n0M64c3mkR59cJ6wQp+7C4nI0gsmExaedaYLNO44eT4AtBBwjbTiGPMlt2Md0T9H9JQ=="],

    "zod": ["zod@4.3.6", "", {}, "sha512-rftlrkhHZOcjDwkGlnUtZZkvaPHCsDATp4pGpuOOMDaTdDDXF91wuVDJoWoPsKX/3YPQ5fHuF3STjcYyKr+Qhg=="],
  }
}
